dependencies:
  espressif/esp_audio_codec:
    component_hash: af4663830bc73eca58febcc34a976d003465e78ed57458aa00a14b231e392ca1
    dependencies:
    - name: idf
      require: private
      version: '>=4.4'
    source:
      registry_url: https://components.espressif.com/
      type: service
    version: 2.4.1
  espressif/esp_codec_dev:
    component_hash: df70f10af8d7b922add7b9d07372c9c97ab356e58d72b7a892050227c2d44348
    dependencies:
    - name: idf
      require: private
      version: '>=4.0'
    source:
      registry_url: https://components.espressif.com/
      type: service
    version: 1.5.11
  idf:
    source:
      type: idf
    version: 5.5.4
direct_dependencies:
- espressif/esp_audio_codec
- espressif/esp_codec_dev
manifest_hash: a97a3b01cf67f58cfbab1ed10d86c6aeeb2c442d8b8ab66d84ff3ffd8afc3ce3
target: esp32s3
version: 2.0.0
